{
  "name": "ph_address_dropdowns",
  "lockfileVersion": 3,
  "requires": true,
  "packages": {
    "": {
      "dependencies": {
        "@jobuntux/psgc": "^0.2.1"
      }
    },
    "node_modules/@jobuntux/psgc": {
      "version": "0.2.1",
      "resolved": "https://registry.npmjs.org/@jobuntux/psgc/-/psgc-0.2.1.tgz",
      "integrity": "sha512-caW822qnU46/ETmh9AEEZQ2NscrnB4lCNrmMOdEhI9W9QrIJcrHYYEw+vaSsCRLWdNeLHP5VRzJ4VxwZknZP1Q==",
      "license": "MIT",
      "dependencies": {
        "csv-parser": "^3.2.0"
      },
      "engines": {
        "node": ">=22.0.0",
        "npm": ">=10.8.0"
      }
    },
    "node_modules/csv-parser": {
      "version": "3.2.0",
      "resolved": "https://registry.npmjs.org/csv-parser/-/csv-parser-3.2.0.tgz",
      "integrity": "sha512-fgKbp+AJbn1h2dcAHKIdKNSSjfp43BZZykXsCjzALjKy80VXQNHPFJ6T9Afwdzoj24aMkq8GwDS7KGcDPpejrA==",
      "license": "MIT",
      "bin": {
        "csv-parser": "bin/csv-parser"
      },
      "engines": {
        "node": ">= 10"
      }
    }
  }
}
